
Microsoft Visual Studio Solution File, Format Version 12.00
Project("{FAE04EC0-301F-11D3-BF4B-00C04F79EFBC}") = "Stoqa.OrderCatalog", "Stoqa.OrderCatalog\Stoqa.OrderCatalog.csproj", "{6BC73875-5BA0-4D6F-B434-208F698F62AB}"
EndProject
Project("{FAE04EC0-301F-11D3-BF4B-00C04F79EFBC}") = "Stoqa.ProductCatalog", "Stoqa.ProductCatalog\Stoqa.ProductCatalog.csproj", "{DD1A19E7-259A-4AAD-B67B-9D22F8D5F989}"
EndProject
Project("{FAE04EC0-301F-11D3-BF4B-00C04F79EFBC}") = "Stoqa.Managment", "Stoqa.Managment\Stoqa.Managment.csproj", "{69776ED9-609C-4AD2-AB94-B043081F36E6}"
EndProject
Project("{FAE04EC0-301F-11D3-BF4B-00C04F79EFBC}") = "Stoqa.Identity", "Stoqa.Identity\Stoqa.Identity.csproj", "{A33777CD-4008-4D19-9373-02AACB76EDA4}"
EndProject
Project("{2150E333-8FDC-42A3-9474-1A3956D46DE8}") = "Services", "Services", "{2A7CEBEF-4697-4BC2-9D14-7188302A2754}"
EndProject
Project("{2150E333-8FDC-42A3-9474-1A3956D46DE8}") = "Solution Items", "Solution Items", "{2972259D-F7AB-4728-B951-0D3D9B5CD498}"
	ProjectSection(SolutionItems) = preProject
		docker-compose.yml = docker-compose.yml
	EndProjectSection
EndProject
Global
	GlobalSection(SolutionConfigurationPlatforms) = preSolution
		Debug|Any CPU = Debug|Any CPU
		Release|Any CPU = Release|Any CPU
	EndGlobalSection
	GlobalSection(ProjectConfigurationPlatforms) = postSolution
		{6BC73875-5BA0-4D6F-B434-208F698F62AB}.Debug|Any CPU.ActiveCfg = Debug|Any CPU
		{6BC73875-5BA0-4D6F-B434-208F698F62AB}.Debug|Any CPU.Build.0 = Debug|Any CPU
		{6BC73875-5BA0-4D6F-B434-208F698F62AB}.Release|Any CPU.ActiveCfg = Release|Any CPU
		{6BC73875-5BA0-4D6F-B434-208F698F62AB}.Release|Any CPU.Build.0 = Release|Any CPU
		{DD1A19E7-259A-4AAD-B67B-9D22F8D5F989}.Debug|Any CPU.ActiveCfg = Debug|Any CPU
		{DD1A19E7-259A-4AAD-B67B-9D22F8D5F989}.Debug|Any CPU.Build.0 = Debug|Any CPU
		{DD1A19E7-259A-4AAD-B67B-9D22F8D5F989}.Release|Any CPU.ActiveCfg = Release|Any CPU
		{DD1A19E7-259A-4AAD-B67B-9D22F8D5F989}.Release|Any CPU.Build.0 = Release|Any CPU
		{69776ED9-609C-4AD2-AB94-B043081F36E6}.Debug|Any CPU.ActiveCfg = Debug|Any CPU
		{69776ED9-609C-4AD2-AB94-B043081F36E6}.Debug|Any CPU.Build.0 = Debug|Any CPU
		{69776ED9-609C-4AD2-AB94-B043081F36E6}.Release|Any CPU.ActiveCfg = Release|Any CPU
		{69776ED9-609C-4AD2-AB94-B043081F36E6}.Release|Any CPU.Build.0 = Release|Any CPU
		{A33777CD-4008-4D19-9373-02AACB76EDA4}.Debug|Any CPU.ActiveCfg = Debug|Any CPU
		{A33777CD-4008-4D19-9373-02AACB76EDA4}.Debug|Any CPU.Build.0 = Debug|Any CPU
		{A33777CD-4008-4D19-9373-02AACB76EDA4}.Release|Any CPU.ActiveCfg = Release|Any CPU
		{A33777CD-4008-4D19-9373-02AACB76EDA4}.Release|Any CPU.Build.0 = Release|Any CPU
	EndGlobalSection
	GlobalSection(NestedProjects) = preSolution
		{69776ED9-609C-4AD2-AB94-B043081F36E6} = {2A7CEBEF-4697-4BC2-9D14-7188302A2754}
		{6BC73875-5BA0-4D6F-B434-208F698F62AB} = {2A7CEBEF-4697-4BC2-9D14-7188302A2754}
		{DD1A19E7-259A-4AAD-B67B-9D22F8D5F989} = {2A7CEBEF-4697-4BC2-9D14-7188302A2754}
		{A33777CD-4008-4D19-9373-02AACB76EDA4} = {2A7CEBEF-4697-4BC2-9D14-7188302A2754}
	EndGlobalSection
EndGlobal
